
Microsoft Visual Studio Solution File, Format Version 12.00
# Visual Studio Version 17
VisualStudioVersion = 17.10.35201.131
MinimumVisualStudioVersion = 10.0.40219.1
Project("{FAE04EC0-301F-11D3-BF4B-00C04F79EFBC}") = "csharp-api-demo-bands", "csharp-api-demo-bands\csharp-api-demo-bands.csproj", "{83D60D8A-1DB2-4260-800C-A213E51CBC31}"
EndProject
Global
	GlobalSection(SolutionConfigurationPlatforms) = preSolution
		Debug|Any CPU = Debug|Any CPU
		Release|Any CPU = Release|Any CPU
	EndGlobalSection
	GlobalSection(ProjectConfigurationPlatforms) = postSolution
		{83D60D8A-1DB2-4260-800C-A213E51CBC31}.Debug|Any CPU.ActiveCfg = Debug|Any CPU
		{83D60D8A-1DB2-4260-800C-A213E51CBC31}.Debug|Any CPU.Build.0 = Debug|Any CPU
		{83D60D8A-1DB2-4260-800C-A213E51CBC31}.Release|Any CPU.ActiveCfg = Release|Any CPU
		{83D60D8A-1DB2-4260-800C-A213E51CBC31}.Release|Any CPU.Build.0 = Release|Any CPU
	EndGlobalSection
	GlobalSection(SolutionProperties) = preSolution
		HideSolutionNode = FALSE
	EndGlobalSection
	GlobalSection(ExtensibilityGlobals) = postSolution
		SolutionGuid = {D3BCC601-F85D-486D-BA25-B27F991822D6}
	EndGlobalSection
EndGlobal
